Microsoft Visual Studio Solution File, Format Version 12.00
# Visual Studio Version 18
VisualStudioVersion = 18.4.11605.240
MinimumVisualStudioVersion = 10.0.40219.1
Project("{FAE04EC0-301F-11D3-BF4B-00C04F79EFBC}") = "Tcd.App", "Tcd.App\Tcd.App.csproj", "{A6C5CDEA-E447-4BFA-B953-201BCFD17EC0}"
EndProject
Project("{FAE04EC0-301F-11D3-BF4B-00C04F79EFBC}") = "Tcd.Engine", "Tcd.Engine\Tcd.Engine.csproj", "{B1A2C3D4-E5F6-7890-ABCD-EF1234567890}"
EndProject
Project("{FAE04EC0-301F-11D3-BF4B-00C04F79EFBC}") = "Tcd.Simulator", "Tcd.Simulator\Tcd.Simulator.csproj", "{EFBF92A0-09DD-48DA-984E-771A1E58F1F5}"
EndProject
Project("{FAE04EC0-301F-11D3-BF4B-00C04F79EFBC}") = "Tcd.Robot.Simulator", "Tcd.Robot.Simulator\Tcd.Robot.Simulator.csproj", "{C1D2E3F4-A5B6-7890-CDEF-012345678901}"
EndProject
Global
	GlobalSection(SolutionConfigurationPlatforms) = preSolution
		Debug|Any CPU = Debug|Any CPU
		Debug|ARM32 = Debug|ARM32
		Debug|ARM64 = Debug|ARM64
		Debug|x64 = Debug|x64
		Debug|x86 = Debug|x86
		Release|Any CPU = Release|Any CPU
		Release|ARM32 = Release|ARM32
		Release|ARM64 = Release|ARM64
		Release|x64 = Release|x64
		Release|x86 = Release|x86
	EndGlobalSection
	GlobalSection(ProjectConfigurationPlatforms) = postSolution
		{A6C5CDEA-E447-4BFA-B953-201BCFD17EC0}.Debug|Any CPU.ActiveCfg = Debug|Any CPU
		{A6C5CDEA-E447-4BFA-B953-201BCFD17EC0}.Debug|Any CPU.Build.0 = Debug|Any CPU
		{A6C5CDEA-E447-4BFA-B953-201BCFD17EC0}.Debug|ARM32.ActiveCfg = Debug|ARM32
		{A6C5CDEA-E447-4BFA-B953-201BCFD17EC0}.Debug|ARM32.Build.0 = Debug|ARM32
		{A6C5CDEA-E447-4BFA-B953-201BCFD17EC0}.Debug|ARM64.ActiveCfg = Debug|ARM64
		{A6C5CDEA-E447-4BFA-B953-201BCFD17EC0}.Debug|ARM64.Build.0 = Debug|ARM64
		{A6C5CDEA-E447-4BFA-B953-201BCFD17EC0}.Debug|x64.ActiveCfg = Debug|Any CPU
		{A6C5CDEA-E447-4BFA-B953-201BCFD17EC0}.Debug|x64.Build.0 = Debug|Any CPU
		{A6C5CDEA-E447-4BFA-B953-201BCFD17EC0}.Debug|x86.ActiveCfg = Debug|Any CPU
		{A6C5CDEA-E447-4BFA-B953-201BCFD17EC0}.Debug|x86.Build.0 = Debug|Any CPU
		{A6C5CDEA-E447-4BFA-B953-201BCFD17EC0}.Release|Any CPU.ActiveCfg = Release|Any CPU
		{A6C5CDEA-E447-4BFA-B953-201BCFD17EC0}.Release|Any CPU.Build.0 = Release|Any CPU
		{A6C5CDEA-E447-4BFA-B953-201BCFD17EC0}.Release|ARM32.ActiveCfg = Release|ARM32
		{A6C5CDEA-E447-4BFA-B953-201BCFD17EC0}.Release|ARM32.Build.0 = Release|ARM32
		{A6C5CDEA-E447-4BFA-B953-201BCFD17EC0}.Release|ARM64.ActiveCfg = Release|ARM64
		{A6C5CDEA-E447-4BFA-B953-201BCFD17EC0}.Release|ARM64.Build.0 = Release|ARM64
		{A6C5CDEA-E447-4BFA-B953-201BCFD17EC0}.Release|x64.ActiveCfg = Release|Any CPU
		{A6C5CDEA-E447-4BFA-B953-201BCFD17EC0}.Release|x64.Build.0 = Release|Any CPU
		{A6C5CDEA-E447-4BFA-B953-201BCFD17EC0}.Release|x86.ActiveCfg = Release|Any CPU
		{A6C5CDEA-E447-4BFA-B953-201BCFD17EC0}.Release|x86.Build.0 = Release|Any CPU
		{B1A2C3D4-E5F6-7890-ABCD-EF1234567890}.Debug|Any CPU.ActiveCfg = Debug|Any CPU
		{B1A2C3D4-E5F6-7890-ABCD-EF1234567890}.Debug|Any CPU.Build.0 = Debug|Any CPU
		{B1A2C3D4-E5F6-7890-ABCD-EF1234567890}.Debug|ARM32.ActiveCfg = Debug|Any CPU
		{B1A2C3D4-E5F6-7890-ABCD-EF1234567890}.Debug|ARM32.Build.0 = Debug|Any CPU
		{B1A2C3D4-E5F6-7890-ABCD-EF1234567890}.Debug|ARM64.ActiveCfg = Debug|Any CPU
		{B1A2C3D4-E5F6-7890-ABCD-EF1234567890}.Debug|ARM64.Build.0 = Debug|Any CPU
		{B1A2C3D4-E5F6-7890-ABCD-EF1234567890}.Debug|x64.ActiveCfg = Debug|Any CPU
		{B1A2C3D4-E5F6-7890-ABCD-EF1234567890}.Debug|x64.Build.0 = Debug|Any CPU
		{B1A2C3D4-E5F6-7890-ABCD-EF1234567890}.Debug|x86.ActiveCfg = Debug|Any CPU
		{B1A2C3D4-E5F6-7890-ABCD-EF1234567890}.Debug|x86.Build.0 = Debug|Any CPU
		{B1A2C3D4-E5F6-7890-ABCD-EF1234567890}.Release|Any CPU.ActiveCfg = Release|Any CPU
		{B1A2C3D4-E5F6-7890-ABCD-EF1234567890}.Release|Any CPU.Build.0 = Release|Any CPU
		{B1A2C3D4-E5F6-7890-ABCD-EF1234567890}.Release|ARM32.ActiveCfg = Release|Any CPU
		{B1A2C3D4-E5F6-7890-ABCD-EF1234567890}.Release|ARM32.Build.0 = Release|Any CPU
		{B1A2C3D4-E5F6-7890-ABCD-EF1234567890}.Release|ARM64.ActiveCfg = Release|Any CPU
		{B1A2C3D4-E5F6-7890-ABCD-EF1234567890}.Release|ARM64.Build.0 = Release|Any CPU
		{B1A2C3D4-E5F6-7890-ABCD-EF1234567890}.Release|x64.ActiveCfg = Release|Any CPU
		{B1A2C3D4-E5F6-7890-ABCD-EF1234567890}.Release|x64.Build.0 = Release|Any CPU
		{B1A2C3D4-E5F6-7890-ABCD-EF1234567890}.Release|x86.ActiveCfg = Release|Any CPU
		{B1A2C3D4-E5F6-7890-ABCD-EF1234567890}.Release|x86.Build.0 = Release|Any CPU
		{EFBF92A0-09DD-48DA-984E-771A1E58F1F5}.Debug|Any CPU.ActiveCfg = Debug|Any CPU
		{EFBF92A0-09DD-48DA-984E-771A1E58F1F5}.Debug|Any CPU.Build.0 = Debug|Any CPU
		{EFBF92A0-09DD-48DA-984E-771A1E58F1F5}.Debug|ARM32.ActiveCfg = Debug|Any CPU
		{EFBF92A0-09DD-48DA-984E-771A1E58F1F5}.Debug|ARM32.Build.0 = Debug|Any CPU
		{EFBF92A0-09DD-48DA-984E-771A1E58F1F5}.Debug|ARM64.ActiveCfg = Debug|Any CPU
		{EFBF92A0-09DD-48DA-984E-771A1E58F1F5}.Debug|ARM64.Build.0 = Debug|Any CPU
		{EFBF92A0-09DD-48DA-984E-771A1E58F1F5}.Debug|x64.ActiveCfg = Debug|Any CPU
		{EFBF92A0-09DD-48DA-984E-771A1E58F1F5}.Debug|x64.Build.0 = Debug|Any CPU
		{EFBF92A0-09DD-48DA-984E-771A1E58F1F5}.Debug|x86.ActiveCfg = Debug|Any CPU
		{EFBF92A0-09DD-48DA-984E-771A1E58F1F5}.Debug|x86.Build.0 = Debug|Any CPU
		{EFBF92A0-09DD-48DA-984E-771A1E58F1F5}.Release|Any CPU.ActiveCfg = Release|Any CPU
		{EFBF92A0-09DD-48DA-984E-771A1E58F1F5}.Release|Any CPU.Build.0 = Release|Any CPU
		{EFBF92A0-09DD-48DA-984E-771A1E58F1F5}.Release|ARM32.ActiveCfg = Release|Any CPU
		{EFBF92A0-09DD-48DA-984E-771A1E58F1F5}.Release|ARM32.Build.0 = Release|Any CPU
		{EFBF92A0-09DD-48DA-984E-771A1E58F1F5}.Release|ARM64.ActiveCfg = Release|Any CPU
		{EFBF92A0-09DD-48DA-984E-771A1E58F1F5}.Release|ARM64.Build.0 = Release|Any CPU
		{EFBF92A0-09DD-48DA-984E-771A1E58F1F5}.Release|x64.ActiveCfg = Release|Any CPU
		{EFBF92A0-09DD-48DA-984E-771A1E58F1F5}.Release|x64.Build.0 = Release|Any CPU
		{EFBF92A0-09DD-48DA-984E-771A1E58F1F5}.Release|x86.ActiveCfg = Release|Any CPU
		{EFBF92A0-09DD-48DA-984E-771A1E58F1F5}.Release|x86.Build.0 = Release|Any CPU
		{C1D2E3F4-A5B6-7890-CDEF-012345678901}.Debug|Any CPU.ActiveCfg = Debug|Any CPU
		{C1D2E3F4-A5B6-7890-CDEF-012345678901}.Debug|Any CPU.Build.0 = Debug|Any CPU
		{C1D2E3F4-A5B6-7890-CDEF-012345678901}.Debug|ARM32.ActiveCfg = Debug|Any CPU
		{C1D2E3F4-A5B6-7890-CDEF-012345678901}.Debug|ARM32.Build.0 = Debug|Any CPU
		{C1D2E3F4-A5B6-7890-CDEF-012345678901}.Debug|ARM64.ActiveCfg = Debug|Any CPU
		{C1D2E3F4-A5B6-7890-CDEF-012345678901}.Debug|ARM64.Build.0 = Debug|Any CPU
		{C1D2E3F4-A5B6-7890-CDEF-012345678901}.Debug|x64.ActiveCfg = Debug|Any CPU
		{C1D2E3F4-A5B6-7890-CDEF-012345678901}.Debug|x64.Build.0 = Debug|Any CPU
		{C1D2E3F4-A5B6-7890-CDEF-012345678901}.Debug|x86.ActiveCfg = Debug|Any CPU
		{C1D2E3F4-A5B6-7890-CDEF-012345678901}.Debug|x86.Build.0 = Debug|Any CPU
		{C1D2E3F4-A5B6-7890-CDEF-012345678901}.Release|Any CPU.ActiveCfg = Release|Any CPU
		{C1D2E3F4-A5B6-7890-CDEF-012345678901}.Release|Any CPU.Build.0 = Release|Any CPU
		{C1D2E3F4-A5B6-7890-CDEF-012345678901}.Release|ARM32.ActiveCfg = Release|Any CPU
		{C1D2E3F4-A5B6-7890-CDEF-012345678901}.Release|ARM32.Build.0 = Release|Any CPU
		{C1D2E3F4-A5B6-7890-CDEF-012345678901}.Release|ARM64.ActiveCfg = Release|Any CPU
		{C1D2E3F4-A5B6-7890-CDEF-012345678901}.Release|ARM64.Build.0 = Release|Any CPU
		{C1D2E3F4-A5B6-7890-CDEF-012345678901}.Release|x64.ActiveCfg = Release|Any CPU
		{C1D2E3F4-A5B6-7890-CDEF-012345678901}.Release|x64.Build.0 = Release|Any CPU
		{C1D2E3F4-A5B6-7890-CDEF-012345678901}.Release|x86.ActiveCfg = Release|Any CPU
		{C1D2E3F4-A5B6-7890-CDEF-012345678901}.Release|x86.Build.0 = Release|Any CPU
	EndGlobalSection
	GlobalSection(SolutionProperties) = preSolution
		HideSolutionNode = FALSE
	EndGlobalSection
	GlobalSection(ExtensibilityGlobals) = postSolution
		SolutionGuid = {6E5FA27A-C5AE-4C94-BAA9-575294022F5D}
	EndGlobalSection
EndGlobal
